
Microsoft Visual Studio Solution File, Format Version 12.00
Project("{FAE04EC0-301F-11D3-BF4B-00C04F79EFBC}") = "DotNetBasic", "DotNetBasic\DotNetBasic.csproj", "{0341D874-C3B8-4133-9959-999A47D5CBE3}"
EndProject
Global
	GlobalSection(SolutionConfigurationPlatforms) = preSolution
		Debug|Any CPU = Debug|Any CPU
		Release|Any CPU = Release|Any CPU
	EndGlobalSection
	GlobalSection(ProjectConfigurationPlatforms) = postSolution
		{0341D874-C3B8-4133-9959-999A47D5CBE3}.Debug|Any CPU.ActiveCfg = Debug|Any CPU
		{0341D874-C3B8-4133-9959-999A47D5CBE3}.Debug|Any CPU.Build.0 = Debug|Any CPU
		{0341D874-C3B8-4133-9959-999A47D5CBE3}.Release|Any CPU.ActiveCfg = Release|Any CPU
		{0341D874-C3B8-4133-9959-999A47D5CBE3}.Release|Any CPU.Build.0 = Release|Any CPU
	EndGlobalSection
EndGlobal
